
Microsoft Visual Studio Solution File, Format Version 12.00
# Visual Studio Version 17
VisualStudioVersion = 17.4.33205.214
MinimumVisualStudioVersion = 10.0.40219.1
Project("{888888A0-9F3D-457C-B088-3A5042F75D52}") = "ruutvorrand", "ruutvorrand.pyproj", "{B837390F-9065-4851-B327-92E7C7348F1D}"
EndProject
Global
	GlobalSection(SolutionConfigurationPlatforms) = preSolution
		Debug|Any CPU = Debug|Any CPU
		Release|Any CPU = Release|Any CPU
	EndGlobalSection
	GlobalSection(ProjectConfigurationPlatforms) = postSolution
		{B837390F-9065-4851-B327-92E7C7348F1D}.Debug|Any CPU.ActiveCfg = Debug|Any CPU
		{B837390F-9065-4851-B327-92E7C7348F1D}.Release|Any CPU.ActiveCfg = Release|Any CPU
	EndGlobalSection
	GlobalSection(SolutionProperties) = preSolution
		HideSolutionNode = FALSE
	EndGlobalSection
	GlobalSection(ExtensibilityGlobals) = postSolution
		SolutionGuid = {1760638F-2284-409C-B117-31F96C246056}
	EndGlobalSection
EndGlobal
